github.com/hugomods/base v0.5.0 h1:++wQcEVJLft6sP9n8O7YhGEQRgwYiVX5hJeeqeLCEjc=
github.com/hugomods/base v0.5.0/go.mod h1:hnWCPbVxuhXBwdFax3mmbMlWKmIo/7OP36MCLOyHtT4=
github.com/hugomods/base v0.6.0/go.mod h1:hnWCPbVxuhXBwdFax3mmbMlWKmIo/7OP36MCLOyHtT4=
github.com/hugomods/base v0.7.0/go.mod h1:hnWCPbVxuhXBwdFax3mmbMlWKmIo/7OP36MCLOyHtT4=
github.com/hugomods/base v0.7.1/go.mod h1:hnWCPbVxuhXBwdFax3mmbMlWKmIo/7OP36MCLOyHtT4=
github.com/hugomods/base v0.7.2/go.mod h1:hnWCPbVxuhXBwdFax3mmbMlWKmIo/7OP36MCLOyHtT4=
github.com/hugomods/icons/vendors/bootstrap v0.5.6 h1:4Vj7u52gFUnO+Jj/CqmGfsLroify2aysRpIvgHRNjjI=
github.com/hugomods/icons/vendors/bootstrap v0.5.6/go.mod h1:Sw1RhQvFcsQlJ5a4SKpp7A0XHDYQ0DK0pQwnnx+l+Ao=
github.com/hugomods/icons/vendors/bootstrap v0.5.7/go.mod h1:bTxiIPJ/idHEc35EtvtwSODLpjI+R54BkGdikO3gCmY=
github.com/hugomods/images v0.10.0 h1:8Tsro/IWi5VFdDiEgAHcR6mxycQ/Bu7JXW3vIH7B2n8=
github.com/hugomods/images v0.10.0/go.mod h1:U6Gwj16LKvk66rOMyGFrnF6f0aV8lT89lqOsckOAjYY=
github.com/hugomods/images v0.10.1/go.mod h1:U6Gwj16LKvk66rOMyGFrnF6f0aV8lT89lqOsckOAjYY=
github.com/hugomods/images v0.11.0/go.mod h1:U6Gwj16LKvk66rOMyGFrnF6f0aV8lT89lqOsckOAjYY=
github.com/hugomods/images v0.11.2/go.mod h1:U6Gwj16LKvk66rOMyGFrnF6f0aV8lT89lqOsckOAjYY=
