github.com/razonyang/hugo-mod-icons v0.3.0 h1:z9kgC00LDV4QPlK6QgIW8E/iALvuoUW/tIEhlgg+D3w=
github.com/razonyang/hugo-mod-icons v0.3.0/go.mod h1:4atUyrOOKz1CnywT6qdUy3KoK4hcsM/JnS/EvqDWgnY=
github.com/razonyang/hugo-mod-icons/vendors/bootstrap v0.1.0 h1:DCMA8MUdo0eRQGTmlBGzCGFTThYv9hSLsRGBdKrWtJ8=
github.com/razonyang/hugo-mod-icons/vendors/bootstrap v0.1.0/go.mod h1:qpjpOVApH3ioWClhE05ja646/w6Wy4lz2mUA16JofEI=
